// !$*UTF8*$!
{
	archiveVersion = 1;
	classes = {
	};
	objectVersion = 50;
	objects = {

/* Begin PBXBuildFile section */
		084290CE2228E54A00A1D352 /* AppDelegate.swift in Sources */ = {isa = PBXBuildFile; fileRef = 084290CD2228E54A00A1D352 /* AppDelegate.swift */; };
		084290D32228E54A00A1D352 /* Main.storyboard in Resources */ = {isa = PBXBuildFile; fileRef = 084290D12228E54A00A1D352 /* Main.storyboard */; };
		084290D52228E54B00A1D352 /* Assets.xcassets in Resources */ = {isa = PBXBuildFile; fileRef = 084290D42228E54B00A1D352 /* Assets.xcassets */; };
		084290D82228E54B00A1D352 /* LaunchScreen.storyboard in Resources */ = {isa = PBXBuildFile; fileRef = 084290D62228E54B00A1D352 /* LaunchScreen.storyboard */; };
		084290E32228E54B00A1D352 /* PastagramTests.swift in Sources */ = {isa = PBXBuildFile; fileRef = 084290E22228E54B00A1D352 /* PastagramTests.swift */; };
		084290EE2228E54B00A1D352 /* PastagramUITests.swift in Sources */ = {isa = PBXBuildFile; fileRef = 084290ED2228E54B00A1D352 /* PastagramUITests.swift */; };
		24F584252231784400EB40CB /* LoginViewController.swift in Sources */ = {isa = PBXBuildFile; fileRef = 24F584242231784400EB40CB /* LoginViewController.swift */; };
		24F584272231785300EB40CB /* FeedViewController.swift in Sources */ = {isa = PBXBuildFile; fileRef = 24F584262231785300EB40CB /* FeedViewController.swift */; };
		24F5842922318AFD00EB40CB /* CameraViewController.swift in Sources */ = {isa = PBXBuildFile; fileRef = 24F5842822318AFD00EB40CB /* CameraViewController.swift */; };
		4220215DA7D73B681CF54EB0 /* Pods_Pastagram.framework in Frameworks */ = {isa = PBXBuildFile; fileRef = 56B2E4E354A2CBA12731B726 /* Pods_Pastagram.framework */; };
		4B47300B297E88754E1E10EB /* Pods_PastagramTests.framework in Frameworks */ = {isa = PBXBuildFile; fileRef = 29F0AAD0ACB2B8477352A98A /* Pods_PastagramTests.framework */; };
		D2BD5561F8BC2BB80D0F0234 /* Pods_PastagramUITests.framework in Frameworks */ = {isa = PBXBuildFile; fileRef = DEE7952AF784877972FE9677 /* Pods_PastagramUITests.framework */; };
/* End PBXBuildFile section */

/* Begin PBXContainerItemProxy section */
		084290DF2228E54B00A1D352 /* PBXContainerItemProxy */ = {
			isa = PBXContainerItemProxy;
			containerPortal = 084290C22228E54A00A1D352 /* Project object */;
			proxyType = 1;
			remoteGlobalIDString = 084290C92228E54A00A1D352;
			remoteInfo = Pastagram;
		};
		084290EA2228E54B00A1D352 /* PBXContainerItemProxy */ = {
			isa = PBXContainerItemProxy;
			containerPortal = 084290C22228E54A00A1D352 /* Project object */;
			proxyType = 1;
			remoteGlobalIDString = 084290C92228E54A00A1D352;
			remoteInfo = Pastagram;
		};
/* End PBXContainerItemProxy section */

/* Begin PBXFileReference section */
		084290CA2228E54A00A1D352 /* Pastagram.app */ = {isa = PBXFileReference; explicitFileType = wrapper.application; includeInIndex = 0; path = Pastagram.app; sourceTree = BUILT_PRODUCTS_DIR; };
		084290CD2228E54A00A1D352 /* AppDelegate.swift */ = {isa = PBXFileReference; lastKnownFileType = sourcecode.swift; path = AppDelegate.swift; sourceTree = "<group>"; };
		084290D22228E54A00A1D352 /* Base */ = {isa = PBXFileReference; lastKnownFileType = file.storyboard; name = Base; path = Base.lproj/Main.storyboard; sourceTree = "<group>"; };
		084290D42228E54B00A1D352 /* Assets.xcassets */ = {isa = PBXFileReference; lastKnownFileType = folder.assetcatalog; path = Assets.xcassets; sourceTree = "<group>"; };
		084290D72228E54B00A1D352 /* Base */ = {isa = PBXFileReference; lastKnownFileType = file.storyboard; name = Base; path = Base.lproj/LaunchScreen.storyboard; sourceTree = "<group>"; };
		084290D92228E54B00A1D352 /* Info.plist */ = {isa = PBXFileReference; lastKnownFileType = text.plist.xml; path = Info.plist; sourceTree = "<group>"; };
		084290DE2228E54B00A1D352 /* PastagramTests.xctest */ = {isa = PBXFileReference; explicitFileType = wrapper.cfbundle; includeInIndex = 0; path = PastagramTests.xctest; sourceTree = BUILT_PRODUCTS_DIR; };
		084290E22228E54B00A1D352 /* PastagramTests.swift */ = {isa = PBXFileReference; lastKnownFileType = sourcecode.swift; path = PastagramTests.swift; sourceTree = "<group>"; };
		084290E42228E54B00A1D352 /* Info.plist */ = {isa = PBXFileReference; lastKnownFileType = text.plist.xml; path = Info.plist; sourceTree = "<group>"; };
		084290E92228E54B00A1D352 /* PastagramUITests.xctest */ = {isa = PBXFileReference; explicitFileType = wrapper.cfbundle; includeInIndex = 0; path = PastagramUITests.xctest; sourceTree = BUILT_PRODUCTS_DIR; };
		084290ED2228E54B00A1D352 /* PastagramUITests.swift */ = {isa = PBXFileReference; lastKnownFileType = sourcecode.swift; path = PastagramUITests.swift; sourceTree = "<group>"; };
		084290EF2228E54B00A1D352 /* Info.plist */ = {isa = PBXFileReference; lastKnownFileType = text.plist.xml; path = Info.plist; sourceTree = "<group>"; };
		141640610564BB61FE202669 /* Pods-PastagramTests.debug.xcconfig */ = {isa = PBXFileReference; includeInIndex = 1; lastKnownFileType = text.xcconfig; name = "Pods-PastagramTests.debug.xcconfig"; path = "Pods/Target Support Files/Pods-PastagramTests/Pods-PastagramTests.debug.xcconfig"; sourceTree = "<group>"; };
		24F584242231784400EB40CB /* LoginViewController.swift */ = {isa = PBXFileReference; lastKnownFileType = sourcecode.swift; path = LoginViewController.swift; sourceTree = "<group>"; };
		24F584262231785300EB40CB /* FeedViewController.swift */ = {isa = PBXFileReference; lastKnownFileType = sourcecode.swift; path = FeedViewController.swift; sourceTree = "<group>"; };
		24F5842822318AFD00EB40CB /* CameraViewController.swift */ = {isa = PBXFileReference; lastKnownFileType = sourcecode.swift; path = CameraViewController.swift; sourceTree = "<group>"; };
		29F0AAD0ACB2B8477352A98A /* Pods_PastagramTests.framework */ = {isa = PBXFileReference; explicitFileType = wrapper.framework; includeInIndex = 0; path = Pods_PastagramTests.framework; sourceTree = BUILT_PRODUCTS_DIR; };
		3EDCD2B2F1CEDD4EE7C7AA95 /* Pods-Pastagram.release.xcconfig */ = {isa = PBXFileReference; includeInIndex = 1; lastKnownFileType = text.xcconfig; name = "Pods-Pastagram.release.xcconfig"; path = "Pods/Target Support Files/Pods-Pastagram/Pods-Pastagram.release.xcconfig"; sourceTree = "<group>"; };
		56B2E4E354A2CBA12731B726 /* Pods_Pastagram.framework */ = {isa = PBXFileReference; explicitFileType = wrapper.framework; includeInIndex = 0; path = Pods_Pastagram.framework; sourceTree = BUILT_PRODUCTS_DIR; };
		8ED21AAF4B4470A81F3F7430 /* Pods-PastagramUITests.debug.xcconfig */ = {isa = PBXFileReference; includeInIndex = 1; lastKnownFileType = text.xcconfig; name = "Pods-PastagramUITests.debug.xcconfig"; path = "Pods/Target Support Files/Pods-PastagramUITests/Pods-PastagramUITests.debug.xcconfig"; sourceTree = "<group>"; };
		ACC5CFFA933071E0B1DE2C26 /* Pods-PastagramTests.release.xcconfig */ = {isa = PBXFileReference; includeInIndex = 1; lastKnownFileType = text.xcconfig; name = "Pods-PastagramTests.release.xcconfig"; path = "Pods/Target Support Files/Pods-PastagramTests/Pods-PastagramTests.release.xcconfig"; sourceTree = "<group>"; };
		B67FB19E4AC6E478F0A04FBC /* Pods-PastagramUITests.release.xcconfig */ = {isa = PBXFileReference; includeInIndex = 1; lastKnownFileType = text.xcconfig; name = "Pods-PastagramUITests.release.xcconfig"; path = "Pods/Target Support Files/Pods-PastagramUITests/Pods-PastagramUITests.release.xcconfig"; sourceTree = "<group>"; };
		CEDA47DD5464CE534B2ED882 /* Pods-Pastagram.debug.xcconfig */ = {isa = PBXFileReference; includeInIndex = 1; lastKnownFileType = text.xcconfig; name = "Pods-Pastagram.debug.xcconfig"; path = "Pods/Target Support Files/Pods-Pastagram/Pods-Pastagram.debug.xcconfig"; sourceTree = "<group>"; };
		DEE7952AF784877972FE9677 /* Pods_PastagramUITests.framework */ = {isa = PBXFileReference; explicitFileType = wrapper.framework; includeInIndex = 0; path = Pods_PastagramUITests.framework; sourceTree = BUILT_PRODUCTS_DIR; };
/* End PBXFileReference section */

/* Begin PBXFrameworksBuildPhase section */
		084290C72228E54A00A1D352 /* Frameworks */ = {
			isa = PBXFrameworksBuildPhase;
			buildActionMask = 2147483647;
			files = (
				4220215DA7D73B681CF54EB0 /* Pods_Pastagram.framework in Frameworks */,
			);
			runOnlyForDeploymentPostprocessing = 0;
		};
		084290DB2228E54B00A1D352 /* Frameworks */ = {
			isa = PBXFrameworksBuildPhase;
			buildActionMask = 2147483647;
			files = (
				4B47300B297E88754E1E10EB /* Pods_PastagramTests.framework in Frameworks */,
			);
			runOnlyForDeploymentPostprocessing = 0;
		};
		084290E62228E54B00A1D352 /* Frameworks */ = {
			isa = PBXFrameworksBuildPhase;
			buildActionMask = 2147483647;
			files = (
				D2BD5561F8BC2BB80D0F0234 /* Pods_PastagramUITests.framework in Frameworks */,
			);
			runOnlyForDeploymentPostprocessing = 0;
		};
/* End PBXFrameworksBuildPhase section */

/* Begin PBXGroup section */
		084290C12228E54A00A1D352 = {
			isa = PBXGroup;
			children = (
				084290CC2228E54A00A1D352 /* Pastagram */,
				084290E12228E54B00A1D352 /* PastagramTests */,
				084290EC2228E54B00A1D352 /* PastagramUITests */,
				084290CB2228E54A00A1D352 /* Products */,
				E9B7DA660948F983B6FF1F16 /* Pods */,
				3A36E1418635C8B5D0EB79F6 /* Frameworks */,
			);
			sourceTree = "<group>";
		};
		084290CB2228E54A00A1D352 /* Products */ = {
			isa = PBXGroup;
			children = (
				084290CA2228E54A00A1D352 /* Pastagram.app */,
				084290DE2228E54B00A1D352 /* PastagramTests.xctest */,
				084290E92228E54B00A1D352 /* PastagramUITests.xctest */,
			);
			name = Products;
			sourceTree = "<group>";
		};
		084290CC2228E54A00A1D352 /* Pastagram */ = {
			isa = PBXGroup;
			children = (
				084290CD2228E54A00A1D352 /* AppDelegate.swift */,
				084290D12228E54A00A1D352 /* Main.storyboard */,
				084290D42228E54B00A1D352 /* Assets.xcassets */,
				084290D62228E54B00A1D352 /* LaunchScreen.storyboard */,
				084290D92228E54B00A1D352 /* Info.plist */,
				24F584242231784400EB40CB /* LoginViewController.swift */,
				24F584262231785300EB40CB /* FeedViewController.swift */,
				24F5842822318AFD00EB40CB /* CameraViewController.swift */,
			);
			path = Pastagram;
			sourceTree = "<group>";
		};
		084290E12228E54B00A1D352 /* PastagramTests */ = {
			isa = PBXGroup;
			children = (
				084290E22228E54B00A1D352 /* PastagramTests.swift */,
				084290E42228E54B00A1D352 /* Info.plist */,
			);
			path = PastagramTests;
			sourceTree = "<group>";
		};
		084290EC2228E54B00A1D352 /* PastagramUITests */ = {
			isa = PBXGroup;
			children = (
				084290ED2228E54B00A1D352 /* PastagramUITests.swift */,
				084290EF2228E54B00A1D352 /* Info.plist */,
			);
			path = PastagramUITests;
			sourceTree = "<group>";
		};
		3A36E1418635C8B5D0EB79F6 /* Frameworks */ = {
			isa = PBXGroup;
			children = (
				56B2E4E354A2CBA12731B726 /* Pods_Pastagram.framework */,
				29F0AAD0ACB2B8477352A98A /* Pods_PastagramTests.framework */,
				DEE7952AF784877972FE9677 /* Pods_PastagramUITests.framework */,
			);
			name = Frameworks;
			sourceTree = "<group>";
		};
		E9B7DA660948F983B6FF1F16 /* Pods */ = {
			isa = PBXGroup;
			children = (
				CEDA47DD5464CE534B2ED882 /* Pods-Pastagram.debug.xcconfig */,
				3EDCD2B2F1CEDD4EE7C7AA95 /* Pods-Pastagram.release.xcconfig */,
				141640610564BB61FE202669 /* Pods-PastagramTests.debug.xcconfig */,
				ACC5CFFA933071E0B1DE2C26 /* Pods-PastagramTests.release.xcconfig */,
				8ED21AAF4B4470A81F3F7430 /* Pods-PastagramUITests.debug.xcconfig */,
				B67FB19E4AC6E478F0A04FBC /* Pods-PastagramUITests.release.xcconfig */,
			);
			name = Pods;
			sourceTree = "<group>";
		};
/* End PBXGroup section */

/* Begin PBXNativeTarget section */
		084290C92228E54A00A1D352 /* Pastagram */ = {
			isa = PBXNativeTarget;
			buildConfigurationList = 084290F22228E54B00A1D352 /* Build configuration list for PBXNativeTarget "Pastagram" */;
			buildPhases = (
				3859C6174560FF0EE233FD6A /* [CP] Check Pods Manifest.lock */,
				084290C62228E54A00A1D352 /* Sources */,
				084290C72228E54A00A1D352 /* Frameworks */,
				084290C82228E54A00A1D352 /* Resources */,
				3FD078EBFEE327D63BAED09B /* [CP] Embed Pods Frameworks */,
			);
			buildRules = (
			);
			dependencies = (
			);
			name = Pastagram;
			productName = Pastagram;
			productReference = 084290CA2228E54A00A1D352 /* Pastagram.app */;
			productType = "com.apple.product-type.application";
		};
		084290DD2228E54B00A1D352 /* PastagramTests */ = {
			isa = PBXNativeTarget;
			buildConfigurationList = 084290F52228E54B00A1D352 /* Build configuration list for PBXNativeTarget "PastagramTests" */;
			buildPhases = (
				A7345D7E7BE4CC5FBA512EE7 /* [CP] Check Pods Manifest.lock */,
				084290DA2228E54B00A1D352 /* Sources */,
				084290DB2228E54B00A1D352 /* Frameworks */,
				084290DC2228E54B00A1D352 /* Resources */,
			);
			buildRules = (
			);
			dependencies = (
				084290E02228E54B00A1D352 /* PBXTargetDependency */,
			);
			name = PastagramTests;
			productName = PastagramTests;
			productReference = 084290DE2228E54B00A1D352 /* PastagramTests.xctest */;
			productType = "com.apple.product-type.bundle.unit-test";
		};
		084290E82228E54B00A1D352 /* PastagramUITests */ = {
			isa = PBXNativeTarget;
			buildConfigurationList = 084290F82228E54B00A1D352 /* Build configuration list for PBXNativeTarget "PastagramUITests" */;
			buildPhases = (
				96FE8B2ECC94A3A58960FF05 /* [CP] Check Pods Manifest.lock */,
				084290E52228E54B00A1D352 /* Sources */,
				084290E62228E54B00A1D352 /* Frameworks */,
				084290E72228E54B00A1D352 /* Resources */,
			);
			buildRules = (
			);
			dependencies = (
				084290EB2228E54B00A1D352 /* PBXTargetDependency */,
			);
			name = PastagramUITests;
			productName = PastagramUITests;
			productReference = 084290E92228E54B00A1D352 /* PastagramUITests.xctest */;
			productType = "com.apple.product-type.bundle.ui-testing";
		};
/* End PBXNativeTarget section */

/* Begin PBXProject section */
		084290C22228E54A00A1D352 /* Project object */ = {
			isa = PBXProject;
			attributes = {
				LastSwiftUpdateCheck = 1010;
				LastUpgradeCheck = 1010;
				ORGANIZATIONNAME = "TRAVIS ABENDSHIEN";
				TargetAttributes = {
					084290C92228E54A00A1D352 = {
						CreatedOnToolsVersion = 10.1;
					};
					084290DD2228E54B00A1D352 = {
						CreatedOnToolsVersion = 10.1;
						TestTargetID = 084290C92228E54A00A1D352;
					};
					084290E82228E54B00A1D352 = {
						CreatedOnToolsVersion = 10.1;
						TestTargetID = 084290C92228E54A00A1D352;
					};
				};
			};
			buildConfigurationList = 084290C52228E54A00A1D352 /* Build configuration list for PBXProject "Pastagram" */;
			compatibilityVersion = "Xcode 9.3";
			developmentRegion = en;
			hasScannedForEncodings = 0;
			knownRegions = (
				en,
				Base,
			);
			mainGroup = 084290C12228E54A00A1D352;
			productRefGroup = 084290CB2228E54A00A1D352 /* Products */;
			projectDirPath = "";
			projectRoot = "";
			targets = (
				084290C92228E54A00A1D352 /* Pastagram */,
				084290DD2228E54B00A1D352 /* PastagramTests */,
				084290E82228E54B00A1D352 /* PastagramUITests */,
			);
		};
/* End PBXProject section */

/* Begin PBXResourcesBuildPhase section */
		084290C82228E54A00A1D352 /* Resources */ = {
			isa = PBXResourcesBuildPhase;
			buildActionMask = 2147483647;
			files = (
				084290D82228E54B00A1D352 /* LaunchScreen.storyboard in Resources */,
				084290D52228E54B00A1D352 /* Assets.xcassets in Resources */,
				084290D32228E54A00A1D352 /* Main.storyboard in Resources */,
			);
			runOnlyForDeploymentPostprocessing = 0;
		};
		084290DC2228E54B00A1D352 /* Resources */ = {
			isa = PBXResourcesBuildPhase;
			buildActionMask = 2147483647;
			files = (
			);
			runOnlyForDeploymentPostprocessing = 0;
		};
		084290E72228E54B00A1D352 /* Resources */ = {
			isa = PBXResourcesBuildPhase;
			buildActionMask = 2147483647;
			files = (
			);
			runOnlyForDeploymentPostprocessing = 0;
		};
/* End PBXResourcesBuildPhase section */

/* Begin PBXShellScriptBuildPhase section */
		3859C6174560FF0EE233FD6A /* [CP] Check Pods Manifest.lock */ = {
			isa = PBXShellScriptBuildPhase;
			buildActionMask = 2147483647;
			files = (
			);
			inputFileListPaths = (
			);
			inputPaths = (
				"${PODS_PODFILE_DIR_PATH}/Podfile.lock",
				"${PODS_ROOT}/Manifest.lock",
			);
			name = "[CP] Check Pods Manifest.lock";
			outputFileListPaths = (
			);
			outputPaths = (
				"$(DERIVED_FILE_DIR)/Pods-Pastagram-checkManifestLockResult.txt",
			);
			runOnlyForDeploymentPostprocessing = 0;
			shellPath = /bin/sh;
			shellScript = "diff \"${PODS_PODFILE_DIR_PATH}/Podfile.lock\" \"${PODS_ROOT}/Manifest.lock\" > /dev/null\nif [ $? != 0 ] ; then\n    # print error to STDERR\n    echo \"error: The sandbox is not in sync with the Podfile.lock. Run 'pod install' or update your CocoaPods installation.\" >&2\n    exit 1\nfi\n# This output is used by Xcode 'outputs' to avoid re-running this script phase.\necho \"SUCCESS\" > \"${SCRIPT_OUTPUT_FILE_0}\"\n";
			showEnvVarsInLog = 0;
		};
		3FD078EBFEE327D63BAED09B /* [CP] Embed Pods Frameworks */ = {
			isa = PBXShellScriptBuildPhase;
			buildActionMask = 2147483647;
			files = (
			);
			inputFileListPaths = (
			);
			inputPaths = (
				"${SRCROOT}/Pods/Target Support Files/Pods-Pastagram/Pods-Pastagram-frameworks.sh",
				"${BUILT_PRODUCTS_DIR}/Alamofire/Alamofire.framework",
				"${BUILT_PRODUCTS_DIR}/AlamofireImage/AlamofireImage.framework",
				"${BUILT_PRODUCTS_DIR}/Bolts/Bolts.framework",
				"${BUILT_PRODUCTS_DIR}/Parse/Parse.framework",
			);
			name = "[CP] Embed Pods Frameworks";
			outputFileListPaths = (
			);
			outputPaths = (
				"${TARGET_BUILD_DIR}/${FRAMEWORKS_FOLDER_PATH}/Alamofire.framework",
				"${TARGET_BUILD_DIR}/${FRAMEWORKS_FOLDER_PATH}/AlamofireImage.framework",
				"${TARGET_BUILD_DIR}/${FRAMEWORKS_FOLDER_PATH}/Bolts.framework",
				"${TARGET_BUILD_DIR}/${FRAMEWORKS_FOLDER_PATH}/Parse.framework",
			);
			runOnlyForDeploymentPostprocessing = 0;
			shellPath = /bin/sh;
			shellScript = "\"${SRCROOT}/Pods/Target Support Files/Pods-Pastagram/Pods-Pastagram-frameworks.sh\"\n";
			showEnvVarsInLog = 0;
		};
		96FE8B2ECC94A3A58960FF05 /* [CP] Check Pods Manifest.lock */ = {
			isa = PBXShellScriptBuildPhase;
			buildActionMask = 2147483647;
			files = (
			);
			inputFileListPaths = (
			);
			inputPaths = (
				"${PODS_PODFILE_DIR_PATH}/Podfile.lock",
				"${PODS_ROOT}/Manifest.lock",
			);
			name = "[CP] Check Pods Manifest.lock";
			outputFileListPaths = (
			);
			outputPaths = (
				"$(DERIVED_FILE_DIR)/Pods-PastagramUITests-checkManifestLockResult.txt",
			);
			runOnlyForDeploymentPostprocessing = 0;
			shellPath = /bin/sh;
			shellScript = "diff \"${PODS_PODFILE_DIR_PATH}/Podfile.lock\" \"${PODS_ROOT}/Manifest.lock\" > /dev/null\nif [ $? != 0 ] ; then\n    # print error to STDERR\n    echo \"error: The sandbox is not in sync with the Podfile.lock. Run 'pod install' or update your CocoaPods installation.\" >&2\n    exit 1\nfi\n# This output is used by Xcode 'outputs' to avoid re-running this script phase.\necho \"SUCCESS\" > \"${SCRIPT_OUTPUT_FILE_0}\"\n";
			showEnvVarsInLog = 0;
		};
		A7345D7E7BE4CC5FBA512EE7 /* [CP] Check Pods Manifest.lock */ = {
			isa = PBXShellScriptBuildPhase;
			buildActionMask = 2147483647;
			files = (
			);
			inputFileListPaths = (
			);
			inputPaths = (
				"${PODS_PODFILE_DIR_PATH}/Podfile.lock",
				"${PODS_ROOT}/Manifest.lock",
			);
			name = "[CP] Check Pods Manifest.lock";
			outputFileListPaths = (
			);
			outputPaths = (
				"$(DERIVED_FILE_DIR)/Pods-PastagramTests-checkManifestLockResult.txt",
			);
			runOnlyForDeploymentPostprocessing = 0;
			shellPath = /bin/sh;
			shellScript = "diff \"${PODS_PODFILE_DIR_PATH}/Podfile.lock\" \"${PODS_ROOT}/Manifest.lock\" > /dev/null\nif [ $? != 0 ] ; then\n    # print error to STDERR\n    echo \"error: The sandbox is not in sync with the Podfile.lock. Run 'pod install' or update your CocoaPods installation.\" >&2\n    exit 1\nfi\n# This output is used by Xcode 'outputs' to avoid re-running this script phase.\necho \"SUCCESS\" > \"${SCRIPT_OUTPUT_FILE_0}\"\n";
			showEnvVarsInLog = 0;
		};
/* End PBXShellScriptBuildPhase section */

/* Begin PBXSourcesBuildPhase section */
		084290C62228E54A00A1D352 /* Sources */ = {
			isa = PBXSourcesBuildPhase;
			buildActionMask = 2147483647;
			files = (
				24F584252231784400EB40CB /* LoginViewController.swift in Sources */,
				24F5842922318AFD00EB40CB /* CameraViewController.swift in Sources */,
				24F584272231785300EB40CB /* FeedViewController.swift in Sources */,
				084290CE2228E54A00A1D352 /* AppDelegate.swift in Sources */,
			);
			runOnlyForDeploymentPostprocessing = 0;
		};
		084290DA2228E54B00A1D352 /* Sources */ = {
			isa = PBXSourcesBuildPhase;
			buildActionMask = 2147483647;
			files = (
				084290E32228E54B00A1D352 /* PastagramTests.swift in Sources */,
			);
			runOnlyForDeploymentPostprocessing = 0;
		};
		084290E52228E54B00A1D352 /* Sources */ = {
			isa = PBXSourcesBuildPhase;
			buildActionMask = 2147483647;
			files = (
				084290EE2228E54B00A1D352 /* PastagramUITests.swift in Sources */,
			);
			runOnlyForDeploymentPostprocessing = 0;
		};
/* End PBXSourcesBuildPhase section */

/* Begin PBXTargetDependency section */
		084290E02228E54B00A1D352 /* PBXTargetDependency */ = {
			isa = PBXTargetDependency;
			target = 084290C92228E54A00A1D352 /* Pastagram */;
			targetProxy = 084290DF2228E54B00A1D352 /* PBXContainerItemProxy */;
		};
		084290EB2228E54B00A1D352 /* PBXTargetDependency */ = {
			isa = PBXTargetDependency;
			target = 084290C92228E54A00A1D352 /* Pastagram */;
			targetProxy = 084290EA2228E54B00A1D352 /* PBXContainerItemProxy */;
		};
/* End PBXTargetDependency section */

/* Begin PBXVariantGroup section */
		084290D12228E54A00A1D352 /* Main.storyboard */ = {
			isa = PBXVariantGroup;
			children = (
				084290D22228E54A00A1D352 /* Base */,
			);
			name = Main.storyboard;
			sourceTree = "<group>";
		};
		084290D62228E54B00A1D352 /* LaunchScreen.storyboard */ = {
			isa = PBXVariantGroup;
			children = (
				084290D72228E54B00A1D352 /* Base */,
			);
			name = LaunchScreen.storyboard;
			sourceTree = "<group>";
		};
/* End PBXVariantGroup section */

/* Begin XCBuildConfiguration section */
		084290F02228E54B00A1D352 /* Debug */ = {
			isa = XCBuildConfiguration;
			buildSettings = {
				ALWAYS_SEARCH_USER_PATHS = NO;
				CLANG_ANALYZER_NONNULL = YES;
				CLANG_ANALYZER_NUMBER_OBJECT_CONVERSION = YES_AGGRESSIVE;
				CLANG_CXX_LANGUAGE_STANDARD = "gnu++14";
				CLANG_CXX_LIBRARY = "libc++";
				CLANG_ENABLE_MODULES = YES;
				CLANG_ENABLE_OBJC_ARC = YES;
				CLANG_ENABLE_OBJC_WEAK = YES;
				CLANG_WARN_BLOCK_CAPTURE_AUTORELEASING = YES;
				CLANG_WARN_BOOL_CONVERSION = YES;
				CLANG_WARN_COMMA = YES;
				CLANG_WARN_CONSTANT_CONVERSION = YES;
				CLANG_WARN_DEPRECATED_OBJC_IMPLEMENTATIONS = YES;
				CLANG_WARN_DIRECT_OBJC_ISA_USAGE = YES_ERROR;
				CLANG_WARN_DOCUMENTATION_COMMENTS = YES;
				CLANG_WARN_EMPTY_BODY = YES;
				CLANG_WARN_ENUM_CONVERSION = YES;
				CLANG_WARN_INFINITE_RECURSION = YES;
				CLANG_WARN_INT_CONVERSION = YES;
				CLANG_WARN_NON_LITERAL_NULL_CONVERSION = YES;
				CLANG_WARN_OBJC_IMPLICIT_RETAIN_SELF = YES;
				CLANG_WARN_OBJC_LITERAL_CONVERSION = YES;
				CLANG_WARN_OBJC_ROOT_CLASS = YES_ERROR;
				CLANG_WARN_RANGE_LOOP_ANALYSIS = YES;
				CLANG_WARN_STRICT_PROTOTYPES = YES;
				CLANG_WARN_SUSPICIOUS_MOVE = YES;
				CLANG_WARN_UNGUARDED_AVAILABILITY = YES_AGGRESSIVE;
				CLANG_WARN_UNREACHABLE_CODE = YES;
				CLANG_WARN__DUPLICATE_METHOD_MATCH = YES;
				CODE_SIGN_IDENTITY = "iPhone Developer";
				COPY_PHASE_STRIP = NO;
				DEBUG_INFORMATION_FORMAT = dwarf;
				ENABLE_STRICT_OBJC_MSGSEND = YES;
				ENABLE_TESTABILITY = YES;
				GCC_C_LANGUAGE_STANDARD = gnu11;
				GCC_DYNAMIC_NO_PIC = NO;
				GCC_NO_COMMON_BLOCKS = YES;
				GCC_OPTIMIZATION_LEVEL = 0;
				GCC_PREPROCESSOR_DEFINITIONS = (
					"DEBUG=1",
					"$(inherited)",
				);
				GCC_WARN_64_TO_32_BIT_CONVERSION = YES;
				GCC_WARN_ABOUT_RETURN_TYPE = YES_ERROR;
				GCC_WARN_UNDECLARED_SELECTOR = YES;
				GCC_WARN_UNINITIALIZED_AUTOS = YES_AGGRESSIVE;
				GCC_WARN_UNUSED_FUNCTION = YES;
				GCC_WARN_UNUSED_VARIABLE = YES;
				IPHONEOS_DEPLOYMENT_TARGET = 12.1;
				MTL_ENABLE_DEBUG_INFO = INCLUDE_SOURCE;
				MTL_FAST_MATH = YES;
				ONLY_ACTIVE_ARCH = YES;
				SDKROOT = iphoneos;
				SWIFT_ACTIVE_COMPILATION_CONDITIONS = DEBUG;
				SWIFT_OPTIMIZATION_LEVEL = "-Onone";
			};
			name = Debug;
		};
		084290F12228E54B00A1D352 /* Release */ = {
			isa = XCBuildConfiguration;
			buildSettings = {
				ALWAYS_SEARCH_USER_PATHS = NO;
				CLANG_ANALYZER_NONNULL = YES;
				CLANG_ANALYZER_NUMBER_OBJECT_CONVERSION = YES_AGGRESSIVE;
				CLANG_CXX_LANGUAGE_STANDARD = "gnu++14";
				CLANG_CXX_LIBRARY = "libc++";
				CLANG_ENABLE_MODULES = YES;
				CLANG_ENABLE_OBJC_ARC = YES;
				CLANG_ENABLE_OBJC_WEAK = YES;
				CLANG_WARN_BLOCK_CAPTURE_AUTORELEASING = YES;
				CLANG_WARN_BOOL_CONVERSION = YES;
				CLANG_WARN_COMMA = YES;
				CLANG_WARN_CONSTANT_CONVERSION = YES;
				CLANG_WARN_DEPRECATED_OBJC_IMPLEMENTATIONS = YES;
				CLANG_WARN_DIRECT_OBJC_ISA_USAGE = YES_ERROR;
				CLANG_WARN_DOCUMENTATION_COMMENTS = YES;
				CLANG_WARN_EMPTY_BODY = YES;
				CLANG_WARN_ENUM_CONVERSION = YES;
				CLANG_WARN_INFINITE_RECURSION = YES;
				CLANG_WARN_INT_CONVERSION = YES;
				CLANG_WARN_NON_LITERAL_NULL_CONVERSION = YES;
				CLANG_WARN_OBJC_IMPLICIT_RETAIN_SELF = YES;
				CLANG_WARN_OBJC_LITERAL_CONVERSION = YES;
				CLANG_WARN_OBJC_ROOT_CLASS = YES_ERROR;
				CLANG_WARN_RANGE_LOOP_ANALYSIS = YES;
				CLANG_WARN_STRICT_PROTOTYPES = YES;
				CLANG_WARN_SUSPICIOUS_MOVE = YES;
				CLANG_WARN_UNGUARDED_AVAILABILITY = YES_AGGRESSIVE;
				CLANG_WARN_UNREACHABLE_CODE = YES;
				CLANG_WARN__DUPLICATE_METHOD_MATCH = YES;
				CODE_SIGN_IDENTITY = "iPhone Developer";
				COPY_PHASE_STRIP = NO;
				DEBUG_INFORMATION_FORMAT = "dwarf-with-dsym";
				ENABLE_NS_ASSERTIONS = NO;
				ENABLE_STRICT_OBJC_MSGSEND = YES;
				GCC_C_LANGUAGE_STANDARD = gnu11;
				GCC_NO_COMMON_BLOCKS = YES;
				GCC_WARN_64_TO_32_BIT_CONVERSION = YES;
				GCC_WARN_ABOUT_RETURN_TYPE = YES_ERROR;
				GCC_WARN_UNDECLARED_SELECTOR = YES;
				GCC_WARN_UNINITIALIZED_AUTOS = YES_AGGRESSIVE;
				GCC_WARN_UNUSED_FUNCTION = YES;
				GCC_WARN_UNUSED_VARIABLE = YES;
				IPHONEOS_DEPLOYMENT_TARGET = 12.1;
				MTL_ENABLE_DEBUG_INFO = NO;
				MTL_FAST_MATH = YES;
				SDKROOT = iphoneos;
				SWIFT_COMPILATION_MODE = wholemodule;
				SWIFT_OPTIMIZATION_LEVEL = "-O";
				VALIDATE_PRODUCT = YES;
			};
			name = Release;
		};
		084290F32228E54B00A1D352 /* Debug */ = {
			isa = XCBuildConfiguration;
			baseConfigurationReference = CEDA47DD5464CE534B2ED882 /* Pods-Pastagram.debug.xcconfig */;
			buildSettings = {
				ASSETCATALOG_COMPILER_APPICON_NAME = AppIcon;
				CODE_SIGN_STYLE = Automatic;
				INFOPLIST_FILE = Pastagram/Info.plist;
				LD_RUNPATH_SEARCH_PATHS = (
					"$(inherited)",
					"@executable_path/Frameworks",
				);
				PRODUCT_BUNDLE_IDENTIFIER = someorg.Pastagram;
				PRODUCT_NAME = "$(TARGET_NAME)";
				SWIFT_VERSION = 4.2;
				TARGETED_DEVICE_FAMILY = "1,2";
			};
			name = Debug;
		};
		084290F42228E54B00A1D352 /* Release */ = {
			isa = XCBuildConfiguration;
			baseConfigurationReference = 3EDCD2B2F1CEDD4EE7C7AA95 /* Pods-Pastagram.release.xcconfig */;
			buildSettings = {
				ASSETCATALOG_COMPILER_APPICON_NAME = AppIcon;
				CODE_SIGN_STYLE = Automatic;
				INFOPLIST_FILE = Pastagram/Info.plist;
				LD_RUNPATH_SEARCH_PATHS = (
					"$(inherited)",
					"@executable_path/Frameworks",
				);
				PRODUCT_BUNDLE_IDENTIFIER = someorg.Pastagram;
				PRODUCT_NAME = "$(TARGET_NAME)";
				SWIFT_VERSION = 4.2;
				TARGETED_DEVICE_FAMILY = "1,2";
			};
			name = Release;
		};
		084290F62228E54B00A1D352 /* Debug */ = {
			isa = XCBuildConfiguration;
			baseConfigurationReference = 141640610564BB61FE202669 /* Pods-PastagramTests.debug.xcconfig */;
			buildSettings = {
				ALWAYS_EMBED_SWIFT_STANDARD_LIBRARIES = YES;
				BUNDLE_LOADER = "$(TEST_HOST)";
				CODE_SIGN_STYLE = Automatic;
				INFOPLIST_FILE = PastagramTests/Info.plist;
				LD_RUNPATH_SEARCH_PATHS = (
					"$(inherited)",
					"@executable_path/Frameworks",
					"@loader_path/Frameworks",
				);
				PRODUCT_BUNDLE_IDENTIFIER = someorg.PastagramTests;
				PRODUCT_NAME = "$(TARGET_NAME)";
				SWIFT_VERSION = 4.2;
				TARGETED_DEVICE_FAMILY = "1,2";
				TEST_HOST = "$(BUILT_PRODUCTS_DIR)/Pastagram.app/Pastagram";
			};
			name = Debug;
		};
		084290F72228E54B00A1D352 /* Release */ = {
			isa = XCBuildConfiguration;
			baseConfigurationReference = ACC5CFFA933071E0B1DE2C26 /* Pods-PastagramTests.release.xcconfig */;
			buildSettings = {
				ALWAYS_EMBED_SWIFT_STANDARD_LIBRARIES = YES;
				BUNDLE_LOADER = "$(TEST_HOST)";
				CODE_SIGN_STYLE = Automatic;
				INFOPLIST_FILE = PastagramTests/Info.plist;
				LD_RUNPATH_SEARCH_PATHS = (
					"$(inherited)",
					"@executable_path/Frameworks",
					"@loader_path/Frameworks",
				);
				PRODUCT_BUNDLE_IDENTIFIER = someorg.PastagramTests;
				PRODUCT_NAME = "$(TARGET_NAME)";
				SWIFT_VERSION = 4.2;
				TARGETED_DEVICE_FAMILY = "1,2";
				TEST_HOST = "$(BUILT_PRODUCTS_DIR)/Pastagram.app/Pastagram";
			};
			name = Release;
		};
		084290F92228E54B00A1D352 /* Debug */ = {
			isa = XCBuildConfiguration;
			baseConfigurationReference = 8ED21AAF4B4470A81F3F7430 /* Pods-PastagramUITests.debug.xcconfig */;
			buildSettings = {
				ALWAYS_EMBED_SWIFT_STANDARD_LIBRARIES = YES;
				CODE_SIGN_STYLE = Automatic;
				INFOPLIST_FILE = PastagramUITests/Info.plist;
				LD_RUNPATH_SEARCH_PATHS = (
					"$(inherited)",
					"@executable_path/Frameworks",
					"@loader_path/Frameworks",
				);
				PRODUCT_BUNDLE_IDENTIFIER = someorg.PastagramUITests;
				PRODUCT_NAME = "$(TARGET_NAME)";
				SWIFT_VERSION = 4.2;
				TARGETED_DEVICE_FAMILY = "1,2";
				TEST_TARGET_NAME = Pastagram;
			};
			name = Debug;
		};
		084290FA2228E54B00A1D352 /* Release */ = {
			isa = XCBuildConfiguration;
			baseConfigurationReference = B67FB19E4AC6E478F0A04FBC /* Pods-PastagramUITests.release.xcconfig */;
			buildSettings = {
				ALWAYS_EMBED_SWIFT_STANDARD_LIBRARIES = YES;
				CODE_SIGN_STYLE = Automatic;
				INFOPLIST_FILE = PastagramUITests/Info.plist;
				LD_RUNPATH_SEARCH_PATHS = (
					"$(inherited)",
					"@executable_path/Frameworks",
					"@loader_path/Frameworks",
				);
				PRODUCT_BUNDLE_IDENTIFIER = someorg.PastagramUITests;
				PRODUCT_NAME = "$(TARGET_NAME)";
				SWIFT_VERSION = 4.2;
				TARGETED_DEVICE_FAMILY = "1,2";
				TEST_TARGET_NAME = Pastagram;
			};
			name = Release;
		};
/* End XCBuildConfiguration section */

/* Begin XCConfigurationList section */
		084290C52228E54A00A1D352 /* Build configuration list for PBXProject "Pastagram" */ = {
			isa = XCConfigurationList;
			buildConfigurations = (
				084290F02228E54B00A1D352 /* Debug */,
				084290F12228E54B00A1D352 /* Release */,
			);
			defaultConfigurationIsVisible = 0;
			defaultConfigurationName = Release;
		};
		084290F22228E54B00A1D352 /* Build configuration list for PBXNativeTarget "Pastagram" */ = {
			isa = XCConfigurationList;
			buildConfigurations = (
				084290F32228E54B00A1D352 /* Debug */,
				084290F42228E54B00A1D352 /* Release */,
			);
			defaultConfigurationIsVisible = 0;
			defaultConfigurationName = Release;
		};
		084290F52228E54B00A1D352 /* Build configuration list for PBXNativeTarget "PastagramTests" */ = {
			isa = XCConfigurationList;
			buildConfigurations = (
				084290F62228E54B00A1D352 /* Debug */,
				084290F72228E54B00A1D352 /* Release */,
			);
			defaultConfigurationIsVisible = 0;
			defaultConfigurationName = Release;
		};
		084290F82228E54B00A1D352 /* Build configuration list for PBXNativeTarget "PastagramUITests" */ = {
			isa = XCConfigurationList;
			buildConfigurations = (
				084290F92228E54B00A1D352 /* Debug */,
				084290FA2228E54B00A1D352 /* Release */,
			);
			defaultConfigurationIsVisible = 0;
			defaultConfigurationName = Release;
		};
/* End XCConfigurationList section */
	};
	rootObject = 084290C22228E54A00A1D352 /* Project object */;
}
